
Microsoft Visual Studio Solution File, Format Version 12.00
# Visual Studio Version 16
VisualStudioVersion = 16.0.31025.194
MinimumVisualStudioVersion = 10.0.40219.1
Project("{FAE04EC0-301F-11D3-BF4B-00C04F79EFBC}") = "domain", "domain\domain.csproj", "{D709B79B-2D16-49C6-805F-59D46A097DB9}"
EndProject
Global
	GlobalSection(SolutionConfigurationPlatforms) = preSolution
		Debug|Any CPU = Debug|Any CPU
		Release|Any CPU = Release|Any CPU
	EndGlobalSection
	GlobalSection(ProjectConfigurationPlatforms) = postSolution
		{D709B79B-2D16-49C6-805F-59D46A097DB9}.Debug|Any CPU.ActiveCfg = Debug|Any CPU
		{D709B79B-2D16-49C6-805F-59D46A097DB9}.Debug|Any CPU.Build.0 = Debug|Any CPU
		{D709B79B-2D16-49C6-805F-59D46A097DB9}.Release|Any CPU.ActiveCfg = Release|Any CPU
		{D709B79B-2D16-49C6-805F-59D46A097DB9}.Release|Any CPU.Build.0 = Release|Any CPU
	EndGlobalSection
	GlobalSection(SolutionProperties) = preSolution
		HideSolutionNode = FALSE
	EndGlobalSection
	GlobalSection(ExtensibilityGlobals) = postSolution
		SolutionGuid = {03C76962-8535-456D-AB6E-254B6D2304BB}
	EndGlobalSection
EndGlobal
